// !$*UTF8*$!
{
	archiveVersion = 1;
	classes = {
	};
	objectVersion = 55;
	objects = {

/* Begin PBXBuildFile section */
		19038B4D274FF5D2002F000D /* KakaoTVTagListTVCell.swift in Sources */ = {isa = PBXBuildFile; fileRef = 19038B4B274FF5D2002F000D /* KakaoTVTagListTVCell.swift */; };
		19038B4E274FF5D2002F000D /* KakaoTVTagListTVCell.xib in Resources */ = {isa = PBXBuildFile; fileRef = 19038B4C274FF5D2002F000D /* KakaoTVTagListTVCell.xib */; };
		190E7AD227469E1E00A7E292 /* CustomTabbarCell.xib in Resources */ = {isa = PBXBuildFile; fileRef = 190E7AD127469E1E00A7E292 /* CustomTabbarCell.xib */; };
		190E7AD42746A3C300A7E292 /* CustomTabbarCell.swift in Sources */ = {isa = PBXBuildFile; fileRef = 190E7AD32746A3C300A7E292 /* CustomTabbarCell.swift */; };
		1926083A275A04EF00FE4D7C /* APIConstants.swift in Sources */ = {isa = PBXBuildFile; fileRef = 19260839275A04EF00FE4D7C /* APIConstants.swift */; };
		19458957275A0844004442BA /* KakaoTVService.swift in Sources */ = {isa = PBXBuildFile; fileRef = 19458956275A0844004442BA /* KakaoTVService.swift */; };
		19458959275A0C7D004442BA /* KakaoTVResponse.swift in Sources */ = {isa = PBXBuildFile; fileRef = 19458958275A0C7D004442BA /* KakaoTVResponse.swift */; };
		19D28DFF2750B39600F0C1F2 /* KakaoTVVideoTVCell.swift in Sources */ = {isa = PBXBuildFile; fileRef = 19D28DFD2750B39600F0C1F2 /* KakaoTVVideoTVCell.swift */; };
		19D28E002750B39600F0C1F2 /* KakaoTVVideoTVCell.xib in Resources */ = {isa = PBXBuildFile; fileRef = 19D28DFE2750B39600F0C1F2 /* KakaoTVVideoTVCell.xib */; };
		19D4DA9727465EA600F3FECD /* KakaoTV.storyboard in Resources */ = {isa = PBXBuildFile; fileRef = 19D4DA9627465EA600F3FECD /* KakaoTV.storyboard */; };
		19D4DA9927465EB200F3FECD /* Discovery.storyboard in Resources */ = {isa = PBXBuildFile; fileRef = 19D4DA9827465EB200F3FECD /* Discovery.storyboard */; };
		19D4DA9B274662A800F3FECD /* KakaoTVVC.swift in Sources */ = {isa = PBXBuildFile; fileRef = 19D4DA9A274662A800F3FECD /* KakaoTVVC.swift */; };
		19D4DA9D274662BA00F3FECD /* DiscoveryVC.swift in Sources */ = {isa = PBXBuildFile; fileRef = 19D4DA9C274662BA00F3FECD /* DiscoveryVC.swift */; };
		57877C16223541AD8FA8A33A /* Pods_iOS_KakaoTalk.framework in Frameworks */ = {isa = PBXBuildFile; fileRef = 2D07E521737FABA0C9C12AB6 /* Pods_iOS_KakaoTalk.framework */; };
		7705CF382750B859005195DF /* ChannelPopUp.storyboard in Resources */ = {isa = PBXBuildFile; fileRef = 7705CF372750B859005195DF /* ChannelPopUp.storyboard */; };
		7705CF3A2750B87F005195DF /* ChannelPopUpVC.swift in Sources */ = {isa = PBXBuildFile; fileRef = 7705CF392750B87F005195DF /* ChannelPopUpVC.swift */; };
		77349127273F9856009CA146 /* AppDelegate.swift in Sources */ = {isa = PBXBuildFile; fileRef = 77349126273F9856009CA146 /* AppDelegate.swift */; };
		77349129273F9856009CA146 /* SceneDelegate.swift in Sources */ = {isa = PBXBuildFile; fileRef = 77349128273F9856009CA146 /* SceneDelegate.swift */; };
		77349130273F9859009CA146 /* Assets.xcassets in Resources */ = {isa = PBXBuildFile; fileRef = 7734912F273F9859009CA146 /* Assets.xcassets */; };
		77349133273F9859009CA146 /* LaunchScreen.storyboard in Resources */ = {isa = PBXBuildFile; fileRef = 77349131273F9859009CA146 /* LaunchScreen.storyboard */; };
		7734913E273F9C33009CA146 /* Constants.swift in Sources */ = {isa = PBXBuildFile; fileRef = 7734913D273F9C33009CA146 /* Constants.swift */; };
		77349142273F9C60009CA146 /* UIColor.swift in Sources */ = {isa = PBXBuildFile; fileRef = 77349141273F9C60009CA146 /* UIColor.swift */; };
		77349149273F9D6C009CA146 /* Token.swift in Sources */ = {isa = PBXBuildFile; fileRef = 77349148273F9D6C009CA146 /* Token.swift */; };
		7734914C273F9D9A009CA146 /* Temp.swift in Sources */ = {isa = PBXBuildFile; fileRef = 7734914B273F9D9A009CA146 /* Temp.swift */; };
		7734915D273F9F25009CA146 /* BaseTabBar.storyboard in Resources */ = {isa = PBXBuildFile; fileRef = 7734915C273F9F25009CA146 /* BaseTabBar.storyboard */; };
		7734915F273FA006009CA146 /* Friend.storyboard in Resources */ = {isa = PBXBuildFile; fileRef = 7734915E273FA006009CA146 /* Friend.storyboard */; };
		77349161273FA012009CA146 /* Chatting.storyboard in Resources */ = {isa = PBXBuildFile; fileRef = 77349160273FA012009CA146 /* Chatting.storyboard */; };
		77349163273FA01C009CA146 /* View.storyboard in Resources */ = {isa = PBXBuildFile; fileRef = 77349162273FA01C009CA146 /* View.storyboard */; };
		77349165273FA064009CA146 /* Shop.storyboard in Resources */ = {isa = PBXBuildFile; fileRef = 77349164273FA064009CA146 /* Shop.storyboard */; };
		77349167273FA092009CA146 /* Plus.storyboard in Resources */ = {isa = PBXBuildFile; fileRef = 77349166273FA092009CA146 /* Plus.storyboard */; };
		77349169273FA158009CA146 /* FriendVC.swift in Sources */ = {isa = PBXBuildFile; fileRef = 77349168273FA158009CA146 /* FriendVC.swift */; };
		7734916B273FA166009CA146 /* ChattingVC.swift in Sources */ = {isa = PBXBuildFile; fileRef = 7734916A273FA166009CA146 /* ChattingVC.swift */; };
		7734916D273FA176009CA146 /* ViewVC.swift in Sources */ = {isa = PBXBuildFile; fileRef = 7734916C273FA176009CA146 /* ViewVC.swift */; };
		7734916F273FA17F009CA146 /* ShopVC.swift in Sources */ = {isa = PBXBuildFile; fileRef = 7734916E273FA17F009CA146 /* ShopVC.swift */; };
		77349171273FA18B009CA146 /* PlusVC.swift in Sources */ = {isa = PBXBuildFile; fileRef = 77349170273FA18B009CA146 /* PlusVC.swift */; };
		7770315E27501D61002CBD19 /* DiscoveryTableViewCell.swift in Sources */ = {isa = PBXBuildFile; fileRef = 7770315C27501D61002CBD19 /* DiscoveryTableViewCell.swift */; };
		7770315F27501D61002CBD19 /* DiscoveryTableViewCell.xib in Resources */ = {isa = PBXBuildFile; fileRef = 7770315D27501D61002CBD19 /* DiscoveryTableViewCell.xib */; };
		7770316227503C32002CBD19 /* ChannelResponse.swift in Sources */ = {isa = PBXBuildFile; fileRef = 7770316127503C32002CBD19 /* ChannelResponse.swift */; };
		7770316527504387002CBD19 /* DiscoverySecondTableViewCell.swift in Sources */ = {isa = PBXBuildFile; fileRef = 7770316327504387002CBD19 /* DiscoverySecondTableViewCell.swift */; };
		7770316627504387002CBD19 /* DiscoverySecondTableViewCell.xib in Resources */ = {isa = PBXBuildFile; fileRef = 7770316427504387002CBD19 /* DiscoverySecondTableViewCell.xib */; };
		7781293C275A3613004B34F4 /* ViewFindService.swift in Sources */ = {isa = PBXBuildFile; fileRef = 7781293B275A3613004B34F4 /* ViewFindService.swift */; };
		7781293E275A361D004B34F4 /* ViewFindResponse.swift in Sources */ = {isa = PBXBuildFile; fileRef = 7781293D275A361D004B34F4 /* ViewFindResponse.swift */; };
		77812940275A5C1E004B34F4 /* ChannelService.swift in Sources */ = {isa = PBXBuildFile; fileRef = 7781293F275A5C1E004B34F4 /* ChannelService.swift */; };
/* End PBXBuildFile section */

/* Begin PBXFileReference section */
		19038B4B274FF5D2002F000D /* KakaoTVTagListTVCell.swift */ = {isa = PBXFileReference; lastKnownFileType = sourcecode.swift; path = KakaoTVTagListTVCell.swift; sourceTree = "<group>"; };
		19038B4C274FF5D2002F000D /* KakaoTVTagListTVCell.xib */ = {isa = PBXFileReference; lastKnownFileType = file.xib; path = KakaoTVTagListTVCell.xib; sourceTree = "<group>"; };
		190E7AD127469E1E00A7E292 /* CustomTabbarCell.xib */ = {isa = PBXFileReference; lastKnownFileType = file.xib; path = CustomTabbarCell.xib; sourceTree = "<group>"; };
		190E7AD32746A3C300A7E292 /* CustomTabbarCell.swift */ = {isa = PBXFileReference; lastKnownFileType = sourcecode.swift; path = CustomTabbarCell.swift; sourceTree = "<group>"; };
		19260839275A04EF00FE4D7C /* APIConstants.swift */ = {isa = PBXFileReference; fileEncoding = 4; lastKnownFileType = sourcecode.swift; path = APIConstants.swift; sourceTree = "<group>"; };
		19458956275A0844004442BA /* KakaoTVService.swift */ = {isa = PBXFileReference; lastKnownFileType = sourcecode.swift; path = KakaoTVService.swift; sourceTree = "<group>"; };
		19458958275A0C7D004442BA /* KakaoTVResponse.swift */ = {isa = PBXFileReference; lastKnownFileType = sourcecode.swift; path = KakaoTVResponse.swift; sourceTree = "<group>"; };
		19D28DFD2750B39600F0C1F2 /* KakaoTVVideoTVCell.swift */ = {isa = PBXFileReference; lastKnownFileType = sourcecode.swift; path = KakaoTVVideoTVCell.swift; sourceTree = "<group>"; };
		19D28DFE2750B39600F0C1F2 /* KakaoTVVideoTVCell.xib */ = {isa = PBXFileReference; lastKnownFileType = file.xib; path = KakaoTVVideoTVCell.xib; sourceTree = "<group>"; };
		19D4DA9627465EA600F3FECD /* KakaoTV.storyboard */ = {isa = PBXFileReference; lastKnownFileType = file.storyboard; path = KakaoTV.storyboard; sourceTree = "<group>"; };
		19D4DA9827465EB200F3FECD /* Discovery.storyboard */ = {isa = PBXFileReference; lastKnownFileType = file.storyboard; path = Discovery.storyboard; sourceTree = "<group>"; };
		19D4DA9A274662A800F3FECD /* KakaoTVVC.swift */ = {isa = PBXFileReference; lastKnownFileType = sourcecode.swift; name = KakaoTVVC.swift; path = iOS_KakaoTalk/Sources/ViewController/KakaoTVVC.swift; sourceTree = SOURCE_ROOT; };
		19D4DA9C274662BA00F3FECD /* DiscoveryVC.swift */ = {isa = PBXFileReference; lastKnownFileType = sourcecode.swift; path = DiscoveryVC.swift; sourceTree = "<group>"; };
		2D07E521737FABA0C9C12AB6 /* Pods_iOS_KakaoTalk.framework */ = {isa = PBXFileReference; explicitFileType = wrapper.framework; includeInIndex = 0; path = Pods_iOS_KakaoTalk.framework; sourceTree = BUILT_PRODUCTS_DIR; };
		5D9AD09569C62504A3781935 /* Pods-iOS_KakaoTalk.debug.xcconfig */ = {isa = PBXFileReference; includeInIndex = 1; lastKnownFileType = text.xcconfig; name = "Pods-iOS_KakaoTalk.debug.xcconfig"; path = "Target Support Files/Pods-iOS_KakaoTalk/Pods-iOS_KakaoTalk.debug.xcconfig"; sourceTree = "<group>"; };
		7705CF372750B859005195DF /* ChannelPopUp.storyboard */ = {isa = PBXFileReference; lastKnownFileType = file.storyboard; path = ChannelPopUp.storyboard; sourceTree = "<group>"; };
		7705CF392750B87F005195DF /* ChannelPopUpVC.swift */ = {isa = PBXFileReference; lastKnownFileType = sourcecode.swift; path = ChannelPopUpVC.swift; sourceTree = "<group>"; };
		77349123273F9856009CA146 /* iOS_KakaoTalk.app */ = {isa = PBXFileReference; explicitFileType = wrapper.application; includeInIndex = 0; path = iOS_KakaoTalk.app; sourceTree = BUILT_PRODUCTS_DIR; };
		77349126273F9856009CA146 /* AppDelegate.swift */ = {isa = PBXFileReference; lastKnownFileType = sourcecode.swift; path = AppDelegate.swift; sourceTree = "<group>"; };
		77349128273F9856009CA146 /* SceneDelegate.swift */ = {isa = PBXFileReference; lastKnownFileType = sourcecode.swift; path = SceneDelegate.swift; sourceTree = "<group>"; };
		7734912F273F9859009CA146 /* Assets.xcassets */ = {isa = PBXFileReference; lastKnownFileType = folder.assetcatalog; path = Assets.xcassets; sourceTree = "<group>"; };
		77349132273F9859009CA146 /* Base */ = {isa = PBXFileReference; lastKnownFileType = file.storyboard; name = Base; path = Base.lproj/LaunchScreen.storyboard; sourceTree = "<group>"; };
		77349134273F9859009CA146 /* Info.plist */ = {isa = PBXFileReference; lastKnownFileType = text.plist.xml; path = Info.plist; sourceTree = "<group>"; };
		7734913D273F9C33009CA146 /* Constants.swift */ = {isa = PBXFileReference; lastKnownFileType = sourcecode.swift; path = Constants.swift; sourceTree = "<group>"; };
		77349141273F9C60009CA146 /* UIColor.swift */ = {isa = PBXFileReference; lastKnownFileType = sourcecode.swift; path = UIColor.swift; sourceTree = "<group>"; };
		77349148273F9D6C009CA146 /* Token.swift */ = {isa = PBXFileReference; lastKnownFileType = sourcecode.swift; path = Token.swift; sourceTree = "<group>"; };
		7734914B273F9D9A009CA146 /* Temp.swift */ = {isa = PBXFileReference; lastKnownFileType = sourcecode.swift; path = Temp.swift; sourceTree = "<group>"; };
		7734915C273F9F25009CA146 /* BaseTabBar.storyboard */ = {isa = PBXFileReference; lastKnownFileType = file.storyboard; path = BaseTabBar.storyboard; sourceTree = "<group>"; };
		7734915E273FA006009CA146 /* Friend.storyboard */ = {isa = PBXFileReference; lastKnownFileType = file.storyboard; path = Friend.storyboard; sourceTree = "<group>"; };
		77349160273FA012009CA146 /* Chatting.storyboard */ = {isa = PBXFileReference; lastKnownFileType = file.storyboard; path = Chatting.storyboard; sourceTree = "<group>"; };
		77349162273FA01C009CA146 /* View.storyboard */ = {isa = PBXFileReference; lastKnownFileType = file.storyboard; path = View.storyboard; sourceTree = "<group>"; };
		77349164273FA064009CA146 /* Shop.storyboard */ = {isa = PBXFileReference; lastKnownFileType = file.storyboard; path = Shop.storyboard; sourceTree = "<group>"; };
		77349166273FA092009CA146 /* Plus.storyboard */ = {isa = PBXFileReference; lastKnownFileType = file.storyboard; path = Plus.storyboard; sourceTree = "<group>"; };
		77349168273FA158009CA146 /* FriendVC.swift */ = {isa = PBXFileReference; lastKnownFileType = sourcecode.swift; path = FriendVC.swift; sourceTree = "<group>"; };
		7734916A273FA166009CA146 /* ChattingVC.swift */ = {isa = PBXFileReference; lastKnownFileType = sourcecode.swift; path = ChattingVC.swift; sourceTree = "<group>"; };
		7734916C273FA176009CA146 /* ViewVC.swift */ = {isa = PBXFileReference; lastKnownFileType = sourcecode.swift; path = ViewVC.swift; sourceTree = "<group>"; };
		7734916E273FA17F009CA146 /* ShopVC.swift */ = {isa = PBXFileReference; lastKnownFileType = sourcecode.swift; path = ShopVC.swift; sourceTree = "<group>"; };
		77349170273FA18B009CA146 /* PlusVC.swift */ = {isa = PBXFileReference; lastKnownFileType = sourcecode.swift; path = PlusVC.swift; sourceTree = "<group>"; };
		7770315C27501D61002CBD19 /* DiscoveryTableViewCell.swift */ = {isa = PBXFileReference; lastKnownFileType = sourcecode.swift; path = DiscoveryTableViewCell.swift; sourceTree = "<group>"; };
		7770315D27501D61002CBD19 /* DiscoveryTableViewCell.xib */ = {isa = PBXFileReference; lastKnownFileType = file.xib; path = DiscoveryTableViewCell.xib; sourceTree = "<group>"; };
		7770316127503C32002CBD19 /* ChannelResponse.swift */ = {isa = PBXFileReference; lastKnownFileType = sourcecode.swift; path = ChannelResponse.swift; sourceTree = "<group>"; };
		7770316327504387002CBD19 /* DiscoverySecondTableViewCell.swift */ = {isa = PBXFileReference; lastKnownFileType = sourcecode.swift; path = DiscoverySecondTableViewCell.swift; sourceTree = "<group>"; };
		7770316427504387002CBD19 /* DiscoverySecondTableViewCell.xib */ = {isa = PBXFileReference; lastKnownFileType = file.xib; path = DiscoverySecondTableViewCell.xib; sourceTree = "<group>"; };
		7781293B275A3613004B34F4 /* ViewFindService.swift */ = {isa = PBXFileReference; lastKnownFileType = sourcecode.swift; path = ViewFindService.swift; sourceTree = "<group>"; };
		7781293D275A361D004B34F4 /* ViewFindResponse.swift */ = {isa = PBXFileReference; lastKnownFileType = sourcecode.swift; path = ViewFindResponse.swift; sourceTree = "<group>"; };
		7781293F275A5C1E004B34F4 /* ChannelService.swift */ = {isa = PBXFileReference; lastKnownFileType = sourcecode.swift; path = ChannelService.swift; sourceTree = "<group>"; };
		E57FD7D3C8BF9FFE51D94E90 /* Pods-iOS_KakaoTalk.release.xcconfig */ = {isa = PBXFileReference; includeInIndex = 1; lastKnownFileType = text.xcconfig; name = "Pods-iOS_KakaoTalk.release.xcconfig"; path = "Target Support Files/Pods-iOS_KakaoTalk/Pods-iOS_KakaoTalk.release.xcconfig"; sourceTree = "<group>"; };
/* End PBXFileReference section */

/* Begin PBXFrameworksBuildPhase section */
		77349120273F9856009CA146 /* Frameworks */ = {
			isa = PBXFrameworksBuildPhase;
			buildActionMask = 2147483647;
			files = (
				57877C16223541AD8FA8A33A /* Pods_iOS_KakaoTalk.framework in Frameworks */,
			);
			runOnlyForDeploymentPostprocessing = 0;
		};
/* End PBXFrameworksBuildPhase section */

/* Begin PBXGroup section */
		19458955275A0830004442BA /* APIModel */ = {
			isa = PBXGroup;
			children = (
				19458956275A0844004442BA /* KakaoTVService.swift */,
				7781293B275A3613004B34F4 /* ViewFindService.swift */,
				7781293F275A5C1E004B34F4 /* ChannelService.swift */,
			);
			path = APIModel;
			sourceTree = "<group>";
		};
		4B329EE5AF8E5EFF36DBD084 /* Frameworks */ = {
			isa = PBXGroup;
			children = (
				2D07E521737FABA0C9C12AB6 /* Pods_iOS_KakaoTalk.framework */,
			);
			name = Frameworks;
			sourceTree = "<group>";
		};
		7734911A273F9856009CA146 = {
			isa = PBXGroup;
			children = (
				77349125273F9856009CA146 /* iOS_KakaoTalk */,
				77349124273F9856009CA146 /* Products */,
				BD7B1FF8890626A933EC7EBD /* Pods */,
				4B329EE5AF8E5EFF36DBD084 /* Frameworks */,
			);
			sourceTree = "<group>";
		};
		77349124273F9856009CA146 /* Products */ = {
			isa = PBXGroup;
			children = (
				77349123273F9856009CA146 /* iOS_KakaoTalk.app */,
			);
			name = Products;
			sourceTree = "<group>";
		};
		77349125273F9856009CA146 /* iOS_KakaoTalk */ = {
			isa = PBXGroup;
			children = (
				7734913A273F9BCF009CA146 /* Configuration */,
				7734913B273F9BD8009CA146 /* Sources */,
				77349131273F9859009CA146 /* LaunchScreen.storyboard */,
				77349134273F9859009CA146 /* Info.plist */,
			);
			path = iOS_KakaoTalk;
			sourceTree = "<group>";
		};
		7734913A273F9BCF009CA146 /* Configuration */ = {
			isa = PBXGroup;
			children = (
				7734912F273F9859009CA146 /* Assets.xcassets */,
				7734913D273F9C33009CA146 /* Constants.swift */,
				19260839275A04EF00FE4D7C /* APIConstants.swift */,
				77349155273F9E87009CA146 /* Storyboards */,
				77349140273F9C43009CA146 /* Secret */,
				7734913C273F9BFB009CA146 /* Extension */,
				7734914A273F9D7D009CA146 /* Font */,
			);
			path = Configuration;
			sourceTree = "<group>";
		};
		7734913B273F9BD8009CA146 /* Sources */ = {
			isa = PBXGroup;
			children = (
				19458955275A0830004442BA /* APIModel */,
				7770316027503C07002CBD19 /* DataModel */,
				77349175273FA1E3009CA146 /* Delegates */,
				77349172273FA191009CA146 /* Cell */,
				77349144273F9CBF009CA146 /* ViewController */,
			);
			path = Sources;
			sourceTree = "<group>";
		};
		7734913C273F9BFB009CA146 /* Extension */ = {
			isa = PBXGroup;
			children = (
				77349141273F9C60009CA146 /* UIColor.swift */,
			);
			path = Extension;
			sourceTree = "<group>";
		};
		77349140273F9C43009CA146 /* Secret */ = {
			isa = PBXGroup;
			children = (
				77349148273F9D6C009CA146 /* Token.swift */,
			);
			path = Secret;
			sourceTree = "<group>";
		};
		77349144273F9CBF009CA146 /* ViewController */ = {
			isa = PBXGroup;
			children = (
				19D4DA9A274662A800F3FECD /* KakaoTVVC.swift */,
				19D4DA9C274662BA00F3FECD /* DiscoveryVC.swift */,
				77349168273FA158009CA146 /* FriendVC.swift */,
				7734916A273FA166009CA146 /* ChattingVC.swift */,
				7734916C273FA176009CA146 /* ViewVC.swift */,
				7734916E273FA17F009CA146 /* ShopVC.swift */,
				77349170273FA18B009CA146 /* PlusVC.swift */,
				7705CF392750B87F005195DF /* ChannelPopUpVC.swift */,
			);
			path = ViewController;
			sourceTree = "<group>";
		};
		7734914A273F9D7D009CA146 /* Font */ = {
			isa = PBXGroup;
			children = (
				7734914B273F9D9A009CA146 /* Temp.swift */,
			);
			path = Font;
			sourceTree = "<group>";
		};
		77349155273F9E87009CA146 /* Storyboards */ = {
			isa = PBXGroup;
			children = (
				7734915C273F9F25009CA146 /* BaseTabBar.storyboard */,
				7734915E273FA006009CA146 /* Friend.storyboard */,
				77349160273FA012009CA146 /* Chatting.storyboard */,
				77349162273FA01C009CA146 /* View.storyboard */,
				19D4DA9627465EA600F3FECD /* KakaoTV.storyboard */,
				19038B4C274FF5D2002F000D /* KakaoTVTagListTVCell.xib */,
				19D4DA9827465EB200F3FECD /* Discovery.storyboard */,
				77349164273FA064009CA146 /* Shop.storyboard */,
				77349166273FA092009CA146 /* Plus.storyboard */,
				190E7AD127469E1E00A7E292 /* CustomTabbarCell.xib */,
				7705CF372750B859005195DF /* ChannelPopUp.storyboard */,
				19D28DFE2750B39600F0C1F2 /* KakaoTVVideoTVCell.xib */,
			);
			path = Storyboards;
			sourceTree = "<group>";
		};
		77349172273FA191009CA146 /* Cell */ = {
			isa = PBXGroup;
			children = (
				19038B4B274FF5D2002F000D /* KakaoTVTagListTVCell.swift */,
				190E7AD32746A3C300A7E292 /* CustomTabbarCell.swift */,
				7770315C27501D61002CBD19 /* DiscoveryTableViewCell.swift */,
				7770315D27501D61002CBD19 /* DiscoveryTableViewCell.xib */,
				7770316327504387002CBD19 /* DiscoverySecondTableViewCell.swift */,
				7770316427504387002CBD19 /* DiscoverySecondTableViewCell.xib */,
				19D28DFD2750B39600F0C1F2 /* KakaoTVVideoTVCell.swift */,
			);
			path = Cell;
			sourceTree = "<group>";
		};
		77349175273FA1E3009CA146 /* Delegates */ = {
			isa = PBXGroup;
			children = (
				77349126273F9856009CA146 /* AppDelegate.swift */,
				77349128273F9856009CA146 /* SceneDelegate.swift */,
			);
			path = Delegates;
			sourceTree = "<group>";
		};
		7770316027503C07002CBD19 /* DataModel */ = {
			isa = PBXGroup;
			children = (
				7770316127503C32002CBD19 /* ChannelResponse.swift */,
				19458958275A0C7D004442BA /* KakaoTVResponse.swift */,
				7781293D275A361D004B34F4 /* ViewFindResponse.swift */,
			);
			path = DataModel;
			sourceTree = "<group>";
		};
		BD7B1FF8890626A933EC7EBD /* Pods */ = {
			isa = PBXGroup;
			children = (
				5D9AD09569C62504A3781935 /* Pods-iOS_KakaoTalk.debug.xcconfig */,
				E57FD7D3C8BF9FFE51D94E90 /* Pods-iOS_KakaoTalk.release.xcconfig */,
			);
			path = Pods;
			sourceTree = "<group>";
		};
/* End PBXGroup section */

/* Begin PBXNativeTarget section */
		77349122273F9856009CA146 /* iOS_KakaoTalk */ = {
			isa = PBXNativeTarget;
			buildConfigurationList = 77349137273F9859009CA146 /* Build configuration list for PBXNativeTarget "iOS_KakaoTalk" */;
			buildPhases = (
				8A5D476391E55B8FE3F86347 /* [CP] Check Pods Manifest.lock */,
				7734911F273F9856009CA146 /* Sources */,
				77349120273F9856009CA146 /* Frameworks */,
				77349121273F9856009CA146 /* Resources */,
				2AFF7849F42D4589E4E4879B /* [CP] Embed Pods Frameworks */,
			);
			buildRules = (
			);
			dependencies = (
			);
			name = iOS_KakaoTalk;
			productName = iOS_KakaoTalk;
			productReference = 77349123273F9856009CA146 /* iOS_KakaoTalk.app */;
			productType = "com.apple.product-type.application";
		};
/* End PBXNativeTarget section */

/* Begin PBXProject section */
		7734911B273F9856009CA146 /* Project object */ = {
			isa = PBXProject;
			attributes = {
				BuildIndependentTargetsInParallel = 1;
				LastSwiftUpdateCheck = 1300;
				LastUpgradeCheck = 1300;
				TargetAttributes = {
					77349122273F9856009CA146 = {
						CreatedOnToolsVersion = 13.0;
					};
				};
			};
			buildConfigurationList = 7734911E273F9856009CA146 /* Build configuration list for PBXProject "iOS_KakaoTalk" */;
			compatibilityVersion = "Xcode 13.0";
			developmentRegion = en;
			hasScannedForEncodings = 0;
			knownRegions = (
				en,
				Base,
			);
			mainGroup = 7734911A273F9856009CA146;
			productRefGroup = 77349124273F9856009CA146 /* Products */;
			projectDirPath = "";
			projectRoot = "";
			targets = (
				77349122273F9856009CA146 /* iOS_KakaoTalk */,
			);
		};
/* End PBXProject section */

/* Begin PBXResourcesBuildPhase section */
		77349121273F9856009CA146 /* Resources */ = {
			isa = PBXResourcesBuildPhase;
			buildActionMask = 2147483647;
			files = (
				7770316627504387002CBD19 /* DiscoverySecondTableViewCell.xib in Resources */,
				190E7AD227469E1E00A7E292 /* CustomTabbarCell.xib in Resources */,
				77349165273FA064009CA146 /* Shop.storyboard in Resources */,
				77349167273FA092009CA146 /* Plus.storyboard in Resources */,
				7734915F273FA006009CA146 /* Friend.storyboard in Resources */,
				19D4DA9727465EA600F3FECD /* KakaoTV.storyboard in Resources */,
				77349133273F9859009CA146 /* LaunchScreen.storyboard in Resources */,
				19D28E002750B39600F0C1F2 /* KakaoTVVideoTVCell.xib in Resources */,
				19D4DA9927465EB200F3FECD /* Discovery.storyboard in Resources */,
				77349130273F9859009CA146 /* Assets.xcassets in Resources */,
				19038B4E274FF5D2002F000D /* KakaoTVTagListTVCell.xib in Resources */,
				77349161273FA012009CA146 /* Chatting.storyboard in Resources */,
				77349163273FA01C009CA146 /* View.storyboard in Resources */,
				7705CF382750B859005195DF /* ChannelPopUp.storyboard in Resources */,
				7770315F27501D61002CBD19 /* DiscoveryTableViewCell.xib in Resources */,
				7734915D273F9F25009CA146 /* BaseTabBar.storyboard in Resources */,
			);
			runOnlyForDeploymentPostprocessing = 0;
		};
/* End PBXResourcesBuildPhase section */

/* Begin PBXShellScriptBuildPhase section */
		2AFF7849F42D4589E4E4879B /* [CP] Embed Pods Frameworks */ = {
			isa = PBXShellScriptBuildPhase;
			buildActionMask = 2147483647;
			files = (
			);
			inputFileListPaths = (
				"${PODS_ROOT}/Target Support Files/Pods-iOS_KakaoTalk/Pods-iOS_KakaoTalk-frameworks-${CONFIGURATION}-input-files.xcfilelist",
			);
			name = "[CP] Embed Pods Frameworks";
			outputFileListPaths = (
				"${PODS_ROOT}/Target Support Files/Pods-iOS_KakaoTalk/Pods-iOS_KakaoTalk-frameworks-${CONFIGURATION}-output-files.xcfilelist",
			);
			runOnlyForDeploymentPostprocessing = 0;
			shellPath = /bin/sh;
			shellScript = "\"${PODS_ROOT}/Target Support Files/Pods-iOS_KakaoTalk/Pods-iOS_KakaoTalk-frameworks.sh\"\n";
			showEnvVarsInLog = 0;
		};
		8A5D476391E55B8FE3F86347 /* [CP] Check Pods Manifest.lock */ = {
			isa = PBXShellScriptBuildPhase;
			buildActionMask = 2147483647;
			files = (
			);
			inputFileListPaths = (
			);
			inputPaths = (
				"${PODS_PODFILE_DIR_PATH}/Podfile.lock",
				"${PODS_ROOT}/Manifest.lock",
			);
			name = "[CP] Check Pods Manifest.lock";
			outputFileListPaths = (
			);
			outputPaths = (
				"$(DERIVED_FILE_DIR)/Pods-iOS_KakaoTalk-checkManifestLockResult.txt",
			);
			runOnlyForDeploymentPostprocessing = 0;
			shellPath = /bin/sh;
			shellScript = "diff \"${PODS_PODFILE_DIR_PATH}/Podfile.lock\" \"${PODS_ROOT}/Manifest.lock\" > /dev/null\nif [ $? != 0 ] ; then\n    # print error to STDERR\n    echo \"error: The sandbox is not in sync with the Podfile.lock. Run 'pod install' or update your CocoaPods installation.\" >&2\n    exit 1\nfi\n# This output is used by Xcode 'outputs' to avoid re-running this script phase.\necho \"SUCCESS\" > \"${SCRIPT_OUTPUT_FILE_0}\"\n";
			showEnvVarsInLog = 0;
		};
/* End PBXShellScriptBuildPhase section */

/* Begin PBXSourcesBuildPhase section */
		7734911F273F9856009CA146 /* Sources */ = {
			isa = PBXSourcesBuildPhase;
			buildActionMask = 2147483647;
			files = (
				7734914C273F9D9A009CA146 /* Temp.swift in Sources */,
				19458957275A0844004442BA /* KakaoTVService.swift in Sources */,
				7734916D273FA176009CA146 /* ViewVC.swift in Sources */,
				77349169273FA158009CA146 /* FriendVC.swift in Sources */,
				77349127273F9856009CA146 /* AppDelegate.swift in Sources */,
				19D4DA9B274662A800F3FECD /* KakaoTVVC.swift in Sources */,
				19D28DFF2750B39600F0C1F2 /* KakaoTVVideoTVCell.swift in Sources */,
				7770316527504387002CBD19 /* DiscoverySecondTableViewCell.swift in Sources */,
				7734916F273FA17F009CA146 /* ShopVC.swift in Sources */,
				1926083A275A04EF00FE4D7C /* APIConstants.swift in Sources */,
				77349129273F9856009CA146 /* SceneDelegate.swift in Sources */,
				190E7AD42746A3C300A7E292 /* CustomTabbarCell.swift in Sources */,
				19038B4D274FF5D2002F000D /* KakaoTVTagListTVCell.swift in Sources */,
				7770316227503C32002CBD19 /* ChannelResponse.swift in Sources */,
				77349149273F9D6C009CA146 /* Token.swift in Sources */,
				7705CF3A2750B87F005195DF /* ChannelPopUpVC.swift in Sources */,
				77349171273FA18B009CA146 /* PlusVC.swift in Sources */,
				7734913E273F9C33009CA146 /* Constants.swift in Sources */,
				19458959275A0C7D004442BA /* KakaoTVResponse.swift in Sources */,
				7734916B273FA166009CA146 /* ChattingVC.swift in Sources */,
				19D4DA9D274662BA00F3FECD /* DiscoveryVC.swift in Sources */,
				7781293C275A3613004B34F4 /* ViewFindService.swift in Sources */,
				7770315E27501D61002CBD19 /* DiscoveryTableViewCell.swift in Sources */,
				77812940275A5C1E004B34F4 /* ChannelService.swift in Sources */,
				7781293E275A361D004B34F4 /* ViewFindResponse.swift in Sources */,
				77349142273F9C60009CA146 /* UIColor.swift in Sources */,
			);
			runOnlyForDeploymentPostprocessing = 0;
		};
/* End PBXSourcesBuildPhase section */

/* Begin PBXVariantGroup section */
		77349131273F9859009CA146 /* LaunchScreen.storyboard */ = {
			isa = PBXVariantGroup;
			children = (
				77349132273F9859009CA146 /* Base */,
			);
			name = LaunchScreen.storyboard;
			sourceTree = "<group>";
		};
/* End PBXVariantGroup section */

/* Begin XCBuildConfiguration section */
		77349135273F9859009CA146 /* Debug */ = {
			isa = XCBuildConfiguration;
			buildSettings = {
				ALWAYS_SEARCH_USER_PATHS = NO;
				CLANG_ANALYZER_NONNULL = YES;
				CLANG_ANALYZER_NUMBER_OBJECT_CONVERSION = YES_AGGRESSIVE;
				CLANG_CXX_LANGUAGE_STANDARD = "gnu++17";
				CLANG_CXX_LIBRARY = "libc++";
				CLANG_ENABLE_MODULES = YES;
				CLANG_ENABLE_OBJC_ARC = YES;
				CLANG_ENABLE_OBJC_WEAK = YES;
				CLANG_WARN_BLOCK_CAPTURE_AUTORELEASING = YES;
				CLANG_WARN_BOOL_CONVERSION = YES;
				CLANG_WARN_COMMA = YES;
				CLANG_WARN_CONSTANT_CONVERSION = YES;
				CLANG_WARN_DEPRECATED_OBJC_IMPLEMENTATIONS = YES;
				CLANG_WARN_DIRECT_OBJC_ISA_USAGE = YES_ERROR;
				CLANG_WARN_DOCUMENTATION_COMMENTS = YES;
				CLANG_WARN_EMPTY_BODY = YES;
				CLANG_WARN_ENUM_CONVERSION = YES;
				CLANG_WARN_INFINITE_RECURSION = YES;
				CLANG_WARN_INT_CONVERSION = YES;
				CLANG_WARN_NON_LITERAL_NULL_CONVERSION = YES;
				CLANG_WARN_OBJC_IMPLICIT_RETAIN_SELF = YES;
				CLANG_WARN_OBJC_LITERAL_CONVERSION = YES;
				CLANG_WARN_OBJC_ROOT_CLASS = YES_ERROR;
				CLANG_WARN_QUOTED_INCLUDE_IN_FRAMEWORK_HEADER = YES;
				CLANG_WARN_RANGE_LOOP_ANALYSIS = YES;
				CLANG_WARN_STRICT_PROTOTYPES = YES;
				CLANG_WARN_SUSPICIOUS_MOVE = YES;
				CLANG_WARN_UNGUARDED_AVAILABILITY = YES_AGGRESSIVE;
				CLANG_WARN_UNREACHABLE_CODE = YES;
				CLANG_WARN__DUPLICATE_METHOD_MATCH = YES;
				COPY_PHASE_STRIP = NO;
				DEBUG_INFORMATION_FORMAT = dwarf;
				ENABLE_STRICT_OBJC_MSGSEND = YES;
				ENABLE_TESTABILITY = YES;
				GCC_C_LANGUAGE_STANDARD = gnu11;
				GCC_DYNAMIC_NO_PIC = NO;
				GCC_NO_COMMON_BLOCKS = YES;
				GCC_OPTIMIZATION_LEVEL = 0;
				GCC_PREPROCESSOR_DEFINITIONS = (
					"DEBUG=1",
					"$(inherited)",
				);
				GCC_WARN_64_TO_32_BIT_CONVERSION = YES;
				GCC_WARN_ABOUT_RETURN_TYPE = YES_ERROR;
				GCC_WARN_UNDECLARED_SELECTOR = YES;
				GCC_WARN_UNINITIALIZED_AUTOS = YES_AGGRESSIVE;
				GCC_WARN_UNUSED_FUNCTION = YES;
				GCC_WARN_UNUSED_VARIABLE = YES;
				IPHONEOS_DEPLOYMENT_TARGET = 15.0;
				MTL_ENABLE_DEBUG_INFO = INCLUDE_SOURCE;
				MTL_FAST_MATH = YES;
				ONLY_ACTIVE_ARCH = YES;
				SDKROOT = iphoneos;
				SWIFT_ACTIVE_COMPILATION_CONDITIONS = DEBUG;
				SWIFT_OPTIMIZATION_LEVEL = "-Onone";
			};
			name = Debug;
		};
		77349136273F9859009CA146 /* Release */ = {
			isa = XCBuildConfiguration;
			buildSettings = {
				ALWAYS_SEARCH_USER_PATHS = NO;
				CLANG_ANALYZER_NONNULL = YES;
				CLANG_ANALYZER_NUMBER_OBJECT_CONVERSION = YES_AGGRESSIVE;
				CLANG_CXX_LANGUAGE_STANDARD = "gnu++17";
				CLANG_CXX_LIBRARY = "libc++";
				CLANG_ENABLE_MODULES = YES;
				CLANG_ENABLE_OBJC_ARC = YES;
				CLANG_ENABLE_OBJC_WEAK = YES;
				CLANG_WARN_BLOCK_CAPTURE_AUTORELEASING = YES;
				CLANG_WARN_BOOL_CONVERSION = YES;
				CLANG_WARN_COMMA = YES;
				CLANG_WARN_CONSTANT_CONVERSION = YES;
				CLANG_WARN_DEPRECATED_OBJC_IMPLEMENTATIONS = YES;
				CLANG_WARN_DIRECT_OBJC_ISA_USAGE = YES_ERROR;
				CLANG_WARN_DOCUMENTATION_COMMENTS = YES;
				CLANG_WARN_EMPTY_BODY = YES;
				CLANG_WARN_ENUM_CONVERSION = YES;
				CLANG_WARN_INFINITE_RECURSION = YES;
				CLANG_WARN_INT_CONVERSION = YES;
				CLANG_WARN_NON_LITERAL_NULL_CONVERSION = YES;
				CLANG_WARN_OBJC_IMPLICIT_RETAIN_SELF = YES;
				CLANG_WARN_OBJC_LITERAL_CONVERSION = YES;
				CLANG_WARN_OBJC_ROOT_CLASS = YES_ERROR;
				CLANG_WARN_QUOTED_INCLUDE_IN_FRAMEWORK_HEADER = YES;
				CLANG_WARN_RANGE_LOOP_ANALYSIS = YES;
				CLANG_WARN_STRICT_PROTOTYPES = YES;
				CLANG_WARN_SUSPICIOUS_MOVE = YES;
				CLANG_WARN_UNGUARDED_AVAILABILITY = YES_AGGRESSIVE;
				CLANG_WARN_UNREACHABLE_CODE = YES;
				CLANG_WARN__DUPLICATE_METHOD_MATCH = YES;
				COPY_PHASE_STRIP = NO;
				DEBUG_INFORMATION_FORMAT = "dwarf-with-dsym";
				ENABLE_NS_ASSERTIONS = NO;
				ENABLE_STRICT_OBJC_MSGSEND = YES;
				GCC_C_LANGUAGE_STANDARD = gnu11;
				GCC_NO_COMMON_BLOCKS = YES;
				GCC_WARN_64_TO_32_BIT_CONVERSION = YES;
				GCC_WARN_ABOUT_RETURN_TYPE = YES_ERROR;
				GCC_WARN_UNDECLARED_SELECTOR = YES;
				GCC_WARN_UNINITIALIZED_AUTOS = YES_AGGRESSIVE;
				GCC_WARN_UNUSED_FUNCTION = YES;
				GCC_WARN_UNUSED_VARIABLE = YES;
				IPHONEOS_DEPLOYMENT_TARGET = 15.0;
				MTL_ENABLE_DEBUG_INFO = NO;
				MTL_FAST_MATH = YES;
				SDKROOT = iphoneos;
				SWIFT_COMPILATION_MODE = wholemodule;
				SWIFT_OPTIMIZATION_LEVEL = "-O";
				VALIDATE_PRODUCT = YES;
			};
			name = Release;
		};
		77349138273F9859009CA146 /* Debug */ = {
			isa = XCBuildConfiguration;
			baseConfigurationReference = 5D9AD09569C62504A3781935 /* Pods-iOS_KakaoTalk.debug.xcconfig */;
			buildSettings = {
				ASSETCATALOG_COMPILER_APPICON_NAME = AppIcon;
				ASSETCATALOG_COMPILER_GLOBAL_ACCENT_COLOR_NAME = AccentColor;
				CODE_SIGN_IDENTITY = "Apple Development";
				CODE_SIGN_STYLE = Automatic;
				CURRENT_PROJECT_VERSION = 1;
				DEVELOPMENT_TEAM = "";
				GENERATE_INFOPLIST_FILE = YES;
				INFOPLIST_FILE = iOS_KakaoTalk/Info.plist;
				INFOPLIST_KEY_UIApplicationSupportsIndirectInputEvents = YES;
				INFOPLIST_KEY_UILaunchStoryboardName = LaunchScreen;
				INFOPLIST_KEY_UIMainStoryboardFile = BaseTabBar;
				INFOPLIST_KEY_UISupportedInterfaceOrientations_iPad = "UIInterfaceOrientationPortrait UIInterfaceOrientationPortraitUpsideDown UIInterfaceOrientationLandscapeLeft UIInterfaceOrientationLandscapeRight";
				INFOPLIST_KEY_UISupportedInterfaceOrientations_iPhone = "UIInterfaceOrientationPortrait UIInterfaceOrientationLandscapeLeft UIInterfaceOrientationLandscapeRight";
				LD_RUNPATH_SEARCH_PATHS = (
					"$(inherited)",
					"@executable_path/Frameworks",
				);
				MARKETING_VERSION = 1.0;
				PRODUCT_BUNDLE_IDENTIFIER = "YJC.iOS-KakaoTalk";
				PRODUCT_NAME = "$(TARGET_NAME)";
				PROVISIONING_PROFILE_SPECIFIER = "";
				SWIFT_EMIT_LOC_STRINGS = YES;
				SWIFT_VERSION = 5.0;
				TARGETED_DEVICE_FAMILY = "1,2";
			};
			name = Debug;
		};
		77349139273F9859009CA146 /* Release */ = {
			isa = XCBuildConfiguration;
			baseConfigurationReference = E57FD7D3C8BF9FFE51D94E90 /* Pods-iOS_KakaoTalk.release.xcconfig */;
			buildSettings = {
				ASSETCATALOG_COMPILER_APPICON_NAME = AppIcon;
				ASSETCATALOG_COMPILER_GLOBAL_ACCENT_COLOR_NAME = AccentColor;
				CODE_SIGN_IDENTITY = "Apple Development";
				CODE_SIGN_STYLE = Automatic;
				CURRENT_PROJECT_VERSION = 1;
				DEVELOPMENT_TEAM = "";
				GENERATE_INFOPLIST_FILE = YES;
				INFOPLIST_FILE = iOS_KakaoTalk/Info.plist;
				INFOPLIST_KEY_UIApplicationSupportsIndirectInputEvents = YES;
				INFOPLIST_KEY_UILaunchStoryboardName = LaunchScreen;
				INFOPLIST_KEY_UIMainStoryboardFile = BaseTabBar;
				INFOPLIST_KEY_UISupportedInterfaceOrientations_iPad = "UIInterfaceOrientationPortrait UIInterfaceOrientationPortraitUpsideDown UIInterfaceOrientationLandscapeLeft UIInterfaceOrientationLandscapeRight";
				INFOPLIST_KEY_UISupportedInterfaceOrientations_iPhone = "UIInterfaceOrientationPortrait UIInterfaceOrientationLandscapeLeft UIInterfaceOrientationLandscapeRight";
				LD_RUNPATH_SEARCH_PATHS = (
					"$(inherited)",
					"@executable_path/Frameworks",
				);
				MARKETING_VERSION = 1.0;
				PRODUCT_BUNDLE_IDENTIFIER = "YJC.iOS-KakaoTalk";
				PRODUCT_NAME = "$(TARGET_NAME)";
				PROVISIONING_PROFILE_SPECIFIER = "";
				SWIFT_EMIT_LOC_STRINGS = YES;
				SWIFT_VERSION = 5.0;
				TARGETED_DEVICE_FAMILY = "1,2";
			};
			name = Release;
		};
/* End XCBuildConfiguration section */

/* Begin XCConfigurationList section */
		7734911E273F9856009CA146 /* Build configuration list for PBXProject "iOS_KakaoTalk" */ = {
			isa = XCConfigurationList;
			buildConfigurations = (
				77349135273F9859009CA146 /* Debug */,
				77349136273F9859009CA146 /* Release */,
			);
			defaultConfigurationIsVisible = 0;
			defaultConfigurationName = Release;
		};
		77349137273F9859009CA146 /* Build configuration list for PBXNativeTarget "iOS_KakaoTalk" */ = {
			isa = XCConfigurationList;
			buildConfigurations = (
				77349138273F9859009CA146 /* Debug */,
				77349139273F9859009CA146 /* Release */,
			);
			defaultConfigurationIsVisible = 0;
			defaultConfigurationName = Release;
		};
/* End XCConfigurationList section */
	};
	rootObject = 7734911B273F9856009CA146 /* Project object */;
}
